
Microsoft Visual Studio Solution File, Format Version 12.00
# Visual Studio Version 16
VisualStudioVersion = 16.0.29403.142
MinimumVisualStudioVersion = 10.0.40219.1
Project("{FAE04EC0-301F-11D3-BF4B-00C04F79EFBC}") = "FundooAPI", "FundooAPI\FundooAPI.csproj", "{FD9CC513-D26E-420F-8C9E-093A944CC69C}"
EndProject
Project("{FAE04EC0-301F-11D3-BF4B-00C04F79EFBC}") = "CommonLayer", "CommonLayer\CommonLayer.csproj", "{C24C99E8-2809-416C-8E07-9B16C7DA6066}"
EndProject
Project("{FAE04EC0-301F-11D3-BF4B-00C04F79EFBC}") = "RepositoryLayer", "RepositoryLayer\RepositoryLayer.csproj", "{B42BA179-8BF0-4B14-ACFF-0183551BF9BC}"
EndProject
Project("{FAE04EC0-301F-11D3-BF4B-00C04F79EFBC}") = "BusinessLayer", "BusinessLayer\BusinessLayer.csproj", "{92F70BAF-DEDF-43ED-8D76-72EDA6F2A3CD}"
EndProject
Global
	GlobalSection(SolutionConfigurationPlatforms) = preSolution
		Debug|Any CPU = Debug|Any CPU
		Release|Any CPU = Release|Any CPU
	EndGlobalSection
	GlobalSection(ProjectConfigurationPlatforms) = postSolution
		{FD9CC513-D26E-420F-8C9E-093A944CC69C}.Debug|Any CPU.ActiveCfg = Debug|Any CPU
		{FD9CC513-D26E-420F-8C9E-093A944CC69C}.Debug|Any CPU.Build.0 = Debug|Any CPU
		{FD9CC513-D26E-420F-8C9E-093A944CC69C}.Release|Any CPU.ActiveCfg = Release|Any CPU
		{FD9CC513-D26E-420F-8C9E-093A944CC69C}.Release|Any CPU.Build.0 = Release|Any CPU
		{C24C99E8-2809-416C-8E07-9B16C7DA6066}.Debug|Any CPU.ActiveCfg = Debug|Any CPU
		{C24C99E8-2809-416C-8E07-9B16C7DA6066}.Debug|Any CPU.Build.0 = Debug|Any CPU
		{C24C99E8-2809-416C-8E07-9B16C7DA6066}.Release|Any CPU.ActiveCfg = Release|Any CPU
		{C24C99E8-2809-416C-8E07-9B16C7DA6066}.Release|Any CPU.Build.0 = Release|Any CPU
		{B42BA179-8BF0-4B14-ACFF-0183551BF9BC}.Debug|Any CPU.ActiveCfg = Debug|Any CPU
		{B42BA179-8BF0-4B14-ACFF-0183551BF9BC}.Debug|Any CPU.Build.0 = Debug|Any CPU
		{B42BA179-8BF0-4B14-ACFF-0183551BF9BC}.Release|Any CPU.ActiveCfg = Release|Any CPU
		{B42BA179-8BF0-4B14-ACFF-0183551BF9BC}.Release|Any CPU.Build.0 = Release|Any CPU
		{92F70BAF-DEDF-43ED-8D76-72EDA6F2A3CD}.Debug|Any CPU.ActiveCfg = Debug|Any CPU
		{92F70BAF-DEDF-43ED-8D76-72EDA6F2A3CD}.Debug|Any CPU.Build.0 = Debug|Any CPU
		{92F70BAF-DEDF-43ED-8D76-72EDA6F2A3CD}.Release|Any CPU.ActiveCfg = Release|Any CPU
		{92F70BAF-DEDF-43ED-8D76-72EDA6F2A3CD}.Release|Any CPU.Build.0 = Release|Any CPU
	EndGlobalSection
	GlobalSection(SolutionProperties) = preSolution
		HideSolutionNode = FALSE
	EndGlobalSection
	GlobalSection(ExtensibilityGlobals) = postSolution
		SolutionGuid = {14046929-FAF8-4FD1-94C1-43AA8C48083D}
	EndGlobalSection
EndGlobal
